
Microsoft Visual Studio Solution File, Format Version 12.00
# Visual Studio 15
VisualStudioVersion = 15.0.28307.168
MinimumVisualStudioVersion = 10.0.40219.1
Project("{FAE04EC0-301F-11D3-BF4B-00C04F79EFBC}") = "Small.Data.Core.Blt", "Small.Data.Core.Blt\Small.Data.Core.Blt.csproj", "{9205C7C8-8CCB-4A15-A814-221E74D1D18A}"
EndProject
Global
	GlobalSection(SolutionConfigurationPlatforms) = preSolution
		Debug|Any CPU = Debug|Any CPU
		Release|Any CPU = Release|Any CPU
	EndGlobalSection
	GlobalSection(ProjectConfigurationPlatforms) = postSolution
		{9205C7C8-8CCB-4A15-A814-221E74D1D18A}.Debug|Any CPU.ActiveCfg = Debug|Any CPU
		{9205C7C8-8CCB-4A15-A814-221E74D1D18A}.Debug|Any CPU.Build.0 = Debug|Any CPU
		{9205C7C8-8CCB-4A15-A814-221E74D1D18A}.Release|Any CPU.ActiveCfg = Release|Any CPU
		{9205C7C8-8CCB-4A15-A814-221E74D1D18A}.Release|Any CPU.Build.0 = Release|Any CPU
	EndGlobalSection
	GlobalSection(SolutionProperties) = preSolution
		HideSolutionNode = FALSE
	EndGlobalSection
	GlobalSection(ExtensibilityGlobals) = postSolution
		SolutionGuid = {43BA5FCE-E534-4D28-8D45-131041E666EC}
	EndGlobalSection
EndGlobal
